
Microsoft Visual Studio Solution File, Format Version 12.00
# Visual Studio Version 17
VisualStudioVersion = 17.5.002.0
MinimumVisualStudioVersion = 10.0.40219.1
Project("{9A19103F-16F7-4668-BE54-9A1E7A4F7556}") = "DesafioFundamentos", "DesafioFundamentos\DesafioFundamentos.csproj", "{744D31E4-6302-4661-BB3A-499E399587BA}"
EndProject
Global
	GlobalSection(SolutionConfigurationPlatforms) = preSolution
		Debug|Any CPU = Debug|Any CPU
		Release|Any CPU = Release|Any CPU
	EndGlobalSection
	GlobalSection(ProjectConfigurationPlatforms) = postSolution
		{744D31E4-6302-4661-BB3A-499E399587BA}.Debug|Any CPU.ActiveCfg = Debug|Any CPU
		{744D31E4-6302-4661-BB3A-499E399587BA}.Debug|Any CPU.Build.0 = Debug|Any CPU
		{744D31E4-6302-4661-BB3A-499E399587BA}.Release|Any CPU.ActiveCfg = Release|Any CPU
		{744D31E4-6302-4661-BB3A-499E399587BA}.Release|Any CPU.Build.0 = Release|Any CPU
	EndGlobalSection
	GlobalSection(SolutionProperties) = preSolution
		HideSolutionNode = FALSE
	EndGlobalSection
	GlobalSection(ExtensibilityGlobals) = postSolution
		SolutionGuid = {F7FCA3D5-7995-49A7-9370-EC4D2C563255}
	EndGlobalSection
EndGlobal
